
Microsoft Visual Studio Solution File, Format Version 12.00
# Visual Studio Version 16
VisualStudioVersion = 16.0.31005.135
MinimumVisualStudioVersion = 10.0.40219.1
Project("{FAE04EC0-301F-11D3-BF4B-00C04F79EFBC}") = "ServicoDeAtendimento", "ServicoDeAtendimento\ServicoDeAtendimento.csproj", "{CE0AD719-DE9E-4ED2-856F-AF8D4D089F32}"
EndProject
Global
	GlobalSection(SolutionConfigurationPlatforms) = preSolution
		Debug|Any CPU = Debug|Any CPU
		Release|Any CPU = Release|Any CPU
	EndGlobalSection
	GlobalSection(ProjectConfigurationPlatforms) = postSolution
		{CE0AD719-DE9E-4ED2-856F-AF8D4D089F32}.Debug|Any CPU.ActiveCfg = Debug|Any CPU
		{CE0AD719-DE9E-4ED2-856F-AF8D4D089F32}.Debug|Any CPU.Build.0 = Debug|Any CPU
		{CE0AD719-DE9E-4ED2-856F-AF8D4D089F32}.Release|Any CPU.ActiveCfg = Release|Any CPU
		{CE0AD719-DE9E-4ED2-856F-AF8D4D089F32}.Release|Any CPU.Build.0 = Release|Any CPU
	EndGlobalSection
	GlobalSection(SolutionProperties) = preSolution
		HideSolutionNode = FALSE
	EndGlobalSection
	GlobalSection(ExtensibilityGlobals) = postSolution
		SolutionGuid = {6502BCA7-1781-4F4D-80C6-183529C8AD87}
	EndGlobalSection
EndGlobal
