
Microsoft Visual Studio Solution File, Format Version 12.00
# Visual Studio Version 16
VisualStudioVersion = 16.0.30804.86
MinimumVisualStudioVersion = 10.0.40219.1
Project("{FAE04EC0-301F-11D3-BF4B-00C04F79EFBC}") = "Tarefa 24", "Tarefa 24\Tarefa 24.csproj", "{ED90F8F5-96C3-40D6-9EC9-C0D6C73F2BC5}"
EndProject
Global
	GlobalSection(SolutionConfigurationPlatforms) = preSolution
		Debug|Any CPU = Debug|Any CPU
		Release|Any CPU = Release|Any CPU
	EndGlobalSection
	GlobalSection(ProjectConfigurationPlatforms) = postSolution
		{ED90F8F5-96C3-40D6-9EC9-C0D6C73F2BC5}.Debug|Any CPU.ActiveCfg = Debug|Any CPU
		{ED90F8F5-96C3-40D6-9EC9-C0D6C73F2BC5}.Debug|Any CPU.Build.0 = Debug|Any CPU
		{ED90F8F5-96C3-40D6-9EC9-C0D6C73F2BC5}.Release|Any CPU.ActiveCfg = Release|Any CPU
		{ED90F8F5-96C3-40D6-9EC9-C0D6C73F2BC5}.Release|Any CPU.Build.0 = Release|Any CPU
	EndGlobalSection
	GlobalSection(SolutionProperties) = preSolution
		HideSolutionNode = FALSE
	EndGlobalSection
	GlobalSection(ExtensibilityGlobals) = postSolution
		SolutionGuid = {A619A598-0DD5-4376-982D-B656B2E3626C}
	EndGlobalSection
EndGlobal
